// !$*UTF8*$!
{
	archiveVersion = 1;
	classes = {
	};
	objectVersion = 46;
	objects = {

/* Begin PBXBuildFile section */
		84252AD91DC0DEED00742263 /* GoogleImages.m in Sources */ = {isa = PBXBuildFile; fileRef = 84252AD81DC0DEED00742263 /* GoogleImages.m */; };
		84252F8A1DC10D5900C29318 /* ImageObject.m in Sources */ = {isa = PBXBuildFile; fileRef = 84252F891DC10D5900C29318 /* ImageObject.m */; };
		846AC3851DAE8D8D0065B720 /* main.m in Sources */ = {isa = PBXBuildFile; fileRef = 846AC3841DAE8D8D0065B720 /* main.m */; };
		846AC3881DAE8D8D0065B720 /* AppDelegate.m in Sources */ = {isa = PBXBuildFile; fileRef = 846AC3871DAE8D8D0065B720 /* AppDelegate.m */; };
		846AC38E1DAE8D8D0065B720 /* Main.storyboard in Resources */ = {isa = PBXBuildFile; fileRef = 846AC38C1DAE8D8D0065B720 /* Main.storyboard */; };
		846AC3901DAE8D8D0065B720 /* Assets.xcassets in Resources */ = {isa = PBXBuildFile; fileRef = 846AC38F1DAE8D8D0065B720 /* Assets.xcassets */; };
		846AC39C1DAE8DDE0065B720 /* TableViewController.m in Sources */ = {isa = PBXBuildFile; fileRef = 846AC39B1DAE8DDE0065B720 /* TableViewController.m */; };
/* End PBXBuildFile section */

/* Begin PBXFileReference section */
		84252AD71DC0DEED00742263 /* GoogleImages.h */ = {isa = PBXFileReference; fileEncoding = 4; lastKnownFileType = sourcecode.c.h; path = GoogleImages.h; sourceTree = "<group>"; };
		84252AD81DC0DEED00742263 /* GoogleImages.m */ = {isa = PBXFileReference; fileEncoding = 4; lastKnownFileType = sourcecode.c.objc; path = GoogleImages.m; sourceTree = "<group>"; };
		84252F881DC10D5900C29318 /* ImageObject.h */ = {isa = PBXFileReference; fileEncoding = 4; lastKnownFileType = sourcecode.c.h; name = ImageObject.h; path = ../ImageObject.h; sourceTree = "<group>"; };
		84252F891DC10D5900C29318 /* ImageObject.m */ = {isa = PBXFileReference; fileEncoding = 4; lastKnownFileType = sourcecode.c.objc; name = ImageObject.m; path = ../ImageObject.m; sourceTree = "<group>"; };
		846AC3801DAE8D8D0065B720 /* SuperImageTableView.app */ = {isa = PBXFileReference; explicitFileType = wrapper.application; includeInIndex = 0; path = SuperImageTableView.app; sourceTree = BUILT_PRODUCTS_DIR; };
		846AC3841DAE8D8D0065B720 /* main.m */ = {isa = PBXFileReference; lastKnownFileType = sourcecode.c.objc; path = main.m; sourceTree = "<group>"; };
		846AC3861DAE8D8D0065B720 /* AppDelegate.h */ = {isa = PBXFileReference; lastKnownFileType = sourcecode.c.h; path = AppDelegate.h; sourceTree = "<group>"; };
		846AC3871DAE8D8D0065B720 /* AppDelegate.m */ = {isa = PBXFileReference; lastKnownFileType = sourcecode.c.objc; path = AppDelegate.m; sourceTree = "<group>"; };
		846AC38D1DAE8D8D0065B720 /* Base */ = {isa = PBXFileReference; lastKnownFileType = file.storyboard; name = Base; path = Base.lproj/Main.storyboard; sourceTree = "<group>"; };
		846AC38F1DAE8D8D0065B720 /* Assets.xcassets */ = {isa = PBXFileReference; lastKnownFileType = folder.assetcatalog; path = Assets.xcassets; sourceTree = "<group>"; };
		846AC3941DAE8D8D0065B720 /* Info.plist */ = {isa = PBXFileReference; lastKnownFileType = text.plist.xml; path = Info.plist; sourceTree = "<group>"; };
		846AC39A1DAE8DDE0065B720 /* TableViewController.h */ = {isa = PBXFileReference; fileEncoding = 4; lastKnownFileType = sourcecode.c.h; name = TableViewController.h; path = ../TableViewController.h; sourceTree = "<group>"; };
		846AC39B1DAE8DDE0065B720 /* TableViewController.m */ = {isa = PBXFileReference; fileEncoding = 4; lastKnownFileType = sourcecode.c.objc; name = TableViewController.m; path = ../TableViewController.m; sourceTree = "<group>"; };
/* End PBXFileReference section */

/* Begin PBXFrameworksBuildPhase section */
		846AC37D1DAE8D8D0065B720 /* Frameworks */ = {
			isa = PBXFrameworksBuildPhase;
			buildActionMask = 2147483647;
			files = (
			);
			runOnlyForDeploymentPostprocessing = 0;
		};
/* End PBXFrameworksBuildPhase section */

/* Begin PBXGroup section */
		846AC3771DAE8D8D0065B720 = {
			isa = PBXGroup;
			children = (
				846AC3821DAE8D8D0065B720 /* SuperImageTableView */,
				846AC3811DAE8D8D0065B720 /* Products */,
			);
			sourceTree = "<group>";
		};
		846AC3811DAE8D8D0065B720 /* Products */ = {
			isa = PBXGroup;
			children = (
				846AC3801DAE8D8D0065B720 /* SuperImageTableView.app */,
			);
			name = Products;
			sourceTree = "<group>";
		};
		846AC3821DAE8D8D0065B720 /* SuperImageTableView */ = {
			isa = PBXGroup;
			children = (
				84252F881DC10D5900C29318 /* ImageObject.h */,
				84252F891DC10D5900C29318 /* ImageObject.m */,
				84252AD71DC0DEED00742263 /* GoogleImages.h */,
				84252AD81DC0DEED00742263 /* GoogleImages.m */,
				846AC39A1DAE8DDE0065B720 /* TableViewController.h */,
				846AC39B1DAE8DDE0065B720 /* TableViewController.m */,
				846AC3861DAE8D8D0065B720 /* AppDelegate.h */,
				846AC3871DAE8D8D0065B720 /* AppDelegate.m */,
				846AC38C1DAE8D8D0065B720 /* Main.storyboard */,
				846AC38F1DAE8D8D0065B720 /* Assets.xcassets */,
				846AC3941DAE8D8D0065B720 /* Info.plist */,
				846AC3831DAE8D8D0065B720 /* Supporting Files */,
			);
			path = SuperImageTableView;
			sourceTree = "<group>";
		};
		846AC3831DAE8D8D0065B720 /* Supporting Files */ = {
			isa = PBXGroup;
			children = (
				846AC3841DAE8D8D0065B720 /* main.m */,
			);
			name = "Supporting Files";
			sourceTree = "<group>";
		};
/* End PBXGroup section */

/* Begin PBXNativeTarget section */
		846AC37F1DAE8D8D0065B720 /* SuperImageTableView */ = {
			isa = PBXNativeTarget;
			buildConfigurationList = 846AC3971DAE8D8D0065B720 /* Build configuration list for PBXNativeTarget "SuperImageTableView" */;
			buildPhases = (
				846AC37C1DAE8D8D0065B720 /* Sources */,
				846AC37D1DAE8D8D0065B720 /* Frameworks */,
				846AC37E1DAE8D8D0065B720 /* Resources */,
			);
			buildRules = (
			);
			dependencies = (
			);
			name = SuperImageTableView;
			productName = SuperImageTableView;
			productReference = 846AC3801DAE8D8D0065B720 /* SuperImageTableView.app */;
			productType = "com.apple.product-type.application";
		};
/* End PBXNativeTarget section */

/* Begin PBXProject section */
		846AC3781DAE8D8D0065B720 /* Project object */ = {
			isa = PBXProject;
			attributes = {
				LastUpgradeCheck = 0800;
				ORGANIZATIONNAME = admin;
				TargetAttributes = {
					846AC37F1DAE8D8D0065B720 = {
						CreatedOnToolsVersion = 7.2;
					};
				};
			};
			buildConfigurationList = 846AC37B1DAE8D8D0065B720 /* Build configuration list for PBXProject "SuperImageTableView" */;
			compatibilityVersion = "Xcode 3.2";
			developmentRegion = English;
			hasScannedForEncodings = 0;
			knownRegions = (
				en,
				Base,
			);
			mainGroup = 846AC3771DAE8D8D0065B720;
			productRefGroup = 846AC3811DAE8D8D0065B720 /* Products */;
			projectDirPath = "";
			projectRoot = "";
			targets = (
				846AC37F1DAE8D8D0065B720 /* SuperImageTableView */,
			);
		};
/* End PBXProject section */

/* Begin PBXResourcesBuildPhase section */
		846AC37E1DAE8D8D0065B720 /* Resources */ = {
			isa = PBXResourcesBuildPhase;
			buildActionMask = 2147483647;
			files = (
				846AC3901DAE8D8D0065B720 /* Assets.xcassets in Resources */,
				846AC38E1DAE8D8D0065B720 /* Main.storyboard in Resources */,
			);
			runOnlyForDeploymentPostprocessing = 0;
		};
/* End PBXResourcesBuildPhase section */

/* Begin PBXSourcesBuildPhase section */
		846AC37C1DAE8D8D0065B720 /* Sources */ = {
			isa = PBXSourcesBuildPhase;
			buildActionMask = 2147483647;
			files = (
				84252F8A1DC10D5900C29318 /* ImageObject.m in Sources */,
				846AC3881DAE8D8D0065B720 /* AppDelegate.m in Sources */,
				846AC39C1DAE8DDE0065B720 /* TableViewController.m in Sources */,
				846AC3851DAE8D8D0065B720 /* main.m in Sources */,
				84252AD91DC0DEED00742263 /* GoogleImages.m in Sources */,
			);
			runOnlyForDeploymentPostprocessing = 0;
		};
/* End PBXSourcesBuildPhase section */

/* Begin PBXVariantGroup section */
		846AC38C1DAE8D8D0065B720 /* Main.storyboard */ = {
			isa = PBXVariantGroup;
			children = (
				846AC38D1DAE8D8D0065B720 /* Base */,
			);
			name = Main.storyboard;
			sourceTree = "<group>";
		};
/* End PBXVariantGroup section */

/* Begin XCBuildConfiguration section */
		846AC3951DAE8D8D0065B720 /* Debug */ = {
			isa = XCBuildConfiguration;
			buildSettings = {
				ALWAYS_SEARCH_USER_PATHS = NO;
				CLANG_CXX_LANGUAGE_STANDARD = "gnu++0x";
				CLANG_CXX_LIBRARY = "libc++";
				CLANG_ENABLE_MODULES = YES;
				CLANG_ENABLE_OBJC_ARC = YES;
				CLANG_WARN_BOOL_CONVERSION = YES;
				CLANG_WARN_CONSTANT_CONVERSION = YES;
				CLANG_WARN_DIRECT_OBJC_ISA_USAGE = YES_ERROR;
				CLANG_WARN_EMPTY_BODY = YES;
				CLANG_WARN_ENUM_CONVERSION = YES;
				CLANG_WARN_INFINITE_RECURSION = YES;
				CLANG_WARN_INT_CONVERSION = YES;
				CLANG_WARN_OBJC_ROOT_CLASS = YES_ERROR;
				CLANG_WARN_SUSPICIOUS_MOVE = YES;
				CLANG_WARN_UNREACHABLE_CODE = YES;
				CLANG_WARN__DUPLICATE_METHOD_MATCH = YES;
				"CODE_SIGN_IDENTITY[sdk=iphoneos*]" = "iPhone Developer";
				COPY_PHASE_STRIP = NO;
				DEBUG_INFORMATION_FORMAT = dwarf;
				ENABLE_STRICT_OBJC_MSGSEND = YES;
				ENABLE_TESTABILITY = YES;
				GCC_C_LANGUAGE_STANDARD = gnu99;
				GCC_DYNAMIC_NO_PIC = NO;
				GCC_NO_COMMON_BLOCKS = YES;
				GCC_OPTIMIZATION_LEVEL = 0;
				GCC_PREPROCESSOR_DEFINITIONS = (
					"DEBUG=1",
					"$(inherited)",
				);
				GCC_WARN_64_TO_32_BIT_CONVERSION = YES;
				GCC_WARN_ABOUT_RETURN_TYPE = YES_ERROR;
				GCC_WARN_UNDECLARED_SELECTOR = YES;
				GCC_WARN_UNINITIALIZED_AUTOS = YES_AGGRESSIVE;
				GCC_WARN_UNUSED_FUNCTION = YES;
				GCC_WARN_UNUSED_VARIABLE = YES;
				IPHONEOS_DEPLOYMENT_TARGET = 9.2;
				MTL_ENABLE_DEBUG_INFO = YES;
				ONLY_ACTIVE_ARCH = YES;
				SDKROOT = iphoneos;
				TARGETED_DEVICE_FAMILY = "1,2";
			};
			name = Debug;
		};
		846AC3961DAE8D8D0065B720 /* Release */ = {
			isa = XCBuildConfiguration;
			buildSettings = {
				ALWAYS_SEARCH_USER_PATHS = NO;
				CLANG_CXX_LANGUAGE_STANDARD = "gnu++0x";
				CLANG_CXX_LIBRARY = "libc++";
				CLANG_ENABLE_MODULES = YES;
				CLANG_ENABLE_OBJC_ARC = YES;
				CLANG_WARN_BOOL_CONVERSION = YES;
				CLANG_WARN_CONSTANT_CONVERSION = YES;
				CLANG_WARN_DIRECT_OBJC_ISA_USAGE = YES_ERROR;
				CLANG_WARN_EMPTY_BODY = YES;
				CLANG_WARN_ENUM_CONVERSION = YES;
				CLANG_WARN_INFINITE_RECURSION = YES;
				CLANG_WARN_INT_CONVERSION = YES;
				CLANG_WARN_OBJC_ROOT_CLASS = YES_ERROR;
				CLANG_WARN_SUSPICIOUS_MOVE = YES;
				CLANG_WARN_UNREACHABLE_CODE = YES;
				CLANG_WARN__DUPLICATE_METHOD_MATCH = YES;
				"CODE_SIGN_IDENTITY[sdk=iphoneos*]" = "iPhone Developer";
				COPY_PHASE_STRIP = NO;
				DEBUG_INFORMATION_FORMAT = "dwarf-with-dsym";
				ENABLE_NS_ASSERTIONS = NO;
				ENABLE_STRICT_OBJC_MSGSEND = YES;
				GCC_C_LANGUAGE_STANDARD = gnu99;
				GCC_NO_COMMON_BLOCKS = YES;
				GCC_WARN_64_TO_32_BIT_CONVERSION = YES;
				GCC_WARN_ABOUT_RETURN_TYPE = YES_ERROR;
				GCC_WARN_UNDECLARED_SELECTOR = YES;
				GCC_WARN_UNINITIALIZED_AUTOS = YES_AGGRESSIVE;
				GCC_WARN_UNUSED_FUNCTION = YES;
				GCC_WARN_UNUSED_VARIABLE = YES;
				IPHONEOS_DEPLOYMENT_TARGET = 9.2;
				MTL_ENABLE_DEBUG_INFO = NO;
				SDKROOT = iphoneos;
				TARGETED_DEVICE_FAMILY = "1,2";
				VALIDATE_PRODUCT = YES;
			};
			name = Release;
		};
		846AC3981DAE8D8D0065B720 /* Debug */ = {
			isa = XCBuildConfiguration;
			buildSettings = {
				ASSETCATALOG_COMPILER_APPICON_NAME = AppIcon;
				INFOPLIST_FILE = SuperImageTableView/Info.plist;
				IPHONEOS_DEPLOYMENT_TARGET = 8.3;
				LD_RUNPATH_SEARCH_PATHS = "$(inherited) @executable_path/Frameworks";
				PRODUCT_BUNDLE_IDENTIFIER = SG.SuperImageTableView;
				PRODUCT_NAME = "$(TARGET_NAME)";
			};
			name = Debug;
		};
		846AC3991DAE8D8D0065B720 /* Release */ = {
			isa = XCBuildConfiguration;
			buildSettings = {
				ASSETCATALOG_COMPILER_APPICON_NAME = AppIcon;
				INFOPLIST_FILE = SuperImageTableView/Info.plist;
				IPHONEOS_DEPLOYMENT_TARGET = 8.3;
				LD_RUNPATH_SEARCH_PATHS = "$(inherited) @executable_path/Frameworks";
				PRODUCT_BUNDLE_IDENTIFIER = SG.SuperImageTableView;
				PRODUCT_NAME = "$(TARGET_NAME)";
			};
			name = Release;
		};
/* End XCBuildConfiguration section */

/* Begin XCConfigurationList section */
		846AC37B1DAE8D8D0065B720 /* Build configuration list for PBXProject "SuperImageTableView" */ = {
			isa = XCConfigurationList;
			buildConfigurations = (
				846AC3951DAE8D8D0065B720 /* Debug */,
				846AC3961DAE8D8D0065B720 /* Release */,
			);
			defaultConfigurationIsVisible = 0;
			defaultConfigurationName = Release;
		};
		846AC3971DAE8D8D0065B720 /* Build configuration list for PBXNativeTarget "SuperImageTableView" */ = {
			isa = XCConfigurationList;
			buildConfigurations = (
				846AC3981DAE8D8D0065B720 /* Debug */,
				846AC3991DAE8D8D0065B720 /* Release */,
			);
			defaultConfigurationIsVisible = 0;
			defaultConfigurationName = Release;
		};
/* End XCConfigurationList section */
	};
	rootObject = 846AC3781DAE8D8D0065B720 /* Project object */;
}
